// !$*UTF8*$!
{
	archiveVersion = 1;
	classes = {
	};
	objectVersion = 46;
	objects = {

/* Begin PBXBuildFile section */
		47CF3F001BADBF3000DD2F9E /* main.m in Sources */ = {isa = PBXBuildFile; fileRef = 47CF3EFF1BADBF3000DD2F9E /* main.m */; };
		47CF3F031BADBF3000DD2F9E /* AppDelegate.m in Sources */ = {isa = PBXBuildFile; fileRef = 47CF3F021BADBF3000DD2F9E /* AppDelegate.m */; };
		47CF3F061BADBF3000DD2F9E /* ViewController.m in Sources */ = {isa = PBXBuildFile; fileRef = 47CF3F051BADBF3000DD2F9E /* ViewController.m */; };
		47CF3F091BADBF3000DD2F9E /* Main.storyboard in Resources */ = {isa = PBXBuildFile; fileRef = 47CF3F071BADBF3000DD2F9E /* Main.storyboard */; };
		47CF3F0B1BADBF3000DD2F9E /* Images.xcassets in Resources */ = {isa = PBXBuildFile; fileRef = 47CF3F0A1BADBF3000DD2F9E /* Images.xcassets */; };
		47CF3F0E1BADBF3000DD2F9E /* LaunchScreen.xib in Resources */ = {isa = PBXBuildFile; fileRef = 47CF3F0C1BADBF3000DD2F9E /* LaunchScreen.xib */; };
		47CF3F1A1BADBF3100DD2F9E /* SGLocationTests.m in Sources */ = {isa = PBXBuildFile; fileRef = 47CF3F191BADBF3100DD2F9E /* SGLocationTests.m */; };
		47CF3F251BADBF6300DD2F9E /* SGLocation.m in Sources */ = {isa = PBXBuildFile; fileRef = 47CF3F241BADBF6300DD2F9E /* SGLocation.m */; };
/* End PBXBuildFile section */

/* Begin PBXContainerItemProxy section */
		47CF3F141BADBF3100DD2F9E /* PBXContainerItemProxy */ = {
			isa = PBXContainerItemProxy;
			containerPortal = 47CF3EF21BADBF3000DD2F9E /* Project object */;
			proxyType = 1;
			remoteGlobalIDString = 47CF3EF91BADBF3000DD2F9E;
			remoteInfo = SGLocation;
		};
/* End PBXContainerItemProxy section */

/* Begin PBXFileReference section */
		47CF3EFA1BADBF3000DD2F9E /* SGLocation.app */ = {isa = PBXFileReference; explicitFileType = wrapper.application; includeInIndex = 0; path = SGLocation.app; sourceTree = BUILT_PRODUCTS_DIR; };
		47CF3EFE1BADBF3000DD2F9E /* Info.plist */ = {isa = PBXFileReference; lastKnownFileType = text.plist.xml; path = Info.plist; sourceTree = "<group>"; };
		47CF3EFF1BADBF3000DD2F9E /* main.m */ = {isa = PBXFileReference; lastKnownFileType = sourcecode.c.objc; path = main.m; sourceTree = "<group>"; };
		47CF3F011BADBF3000DD2F9E /* AppDelegate.h */ = {isa = PBXFileReference; lastKnownFileType = sourcecode.c.h; path = AppDelegate.h; sourceTree = "<group>"; };
		47CF3F021BADBF3000DD2F9E /* AppDelegate.m */ = {isa = PBXFileReference; lastKnownFileType = sourcecode.c.objc; path = AppDelegate.m; sourceTree = "<group>"; };
		47CF3F041BADBF3000DD2F9E /* ViewController.h */ = {isa = PBXFileReference; lastKnownFileType = sourcecode.c.h; path = ViewController.h; sourceTree = "<group>"; };
		47CF3F051BADBF3000DD2F9E /* ViewController.m */ = {isa = PBXFileReference; lastKnownFileType = sourcecode.c.objc; path = ViewController.m; sourceTree = "<group>"; };
		47CF3F081BADBF3000DD2F9E /* Base */ = {isa = PBXFileReference; lastKnownFileType = file.storyboard; name = Base; path = Base.lproj/Main.storyboard; sourceTree = "<group>"; };
		47CF3F0A1BADBF3000DD2F9E /* Images.xcassets */ = {isa = PBXFileReference; lastKnownFileType = folder.assetcatalog; path = Images.xcassets; sourceTree = "<group>"; };
		47CF3F0D1BADBF3000DD2F9E /* Base */ = {isa = PBXFileReference; lastKnownFileType = file.xib; name = Base; path = Base.lproj/LaunchScreen.xib; sourceTree = "<group>"; };
		47CF3F131BADBF3100DD2F9E /* SGLocationTests.xctest */ = {isa = PBXFileReference; explicitFileType = wrapper.cfbundle; includeInIndex = 0; path = SGLocationTests.xctest; sourceTree = BUILT_PRODUCTS_DIR; };
		47CF3F181BADBF3100DD2F9E /* Info.plist */ = {isa = PBXFileReference; lastKnownFileType = text.plist.xml; path = Info.plist; sourceTree = "<group>"; };
		47CF3F191BADBF3100DD2F9E /* SGLocationTests.m */ = {isa = PBXFileReference; lastKnownFileType = sourcecode.c.objc; path = SGLocationTests.m; sourceTree = "<group>"; };
		47CF3F231BADBF6300DD2F9E /* SGLocation.h */ = {isa = PBXFileReference; fileEncoding = 4; lastKnownFileType = sourcecode.c.h; path = SGLocation.h; sourceTree = "<group>"; };
		47CF3F241BADBF6300DD2F9E /* SGLocation.m */ = {isa = PBXFileReference; fileEncoding = 4; lastKnownFileType = sourcecode.c.objc; path = SGLocation.m; sourceTree = "<group>"; };
/* End PBXFileReference section */

/* Begin PBXFrameworksBuildPhase section */
		47CF3EF71BADBF3000DD2F9E /* Frameworks */ = {
			isa = PBXFrameworksBuildPhase;
			buildActionMask = 2147483647;
			files = (
			);
			runOnlyForDeploymentPostprocessing = 0;
		};
		47CF3F101BADBF3100DD2F9E /* Frameworks */ = {
			isa = PBXFrameworksBuildPhase;
			buildActionMask = 2147483647;
			files = (
			);
			runOnlyForDeploymentPostprocessing = 0;
		};
/* End PBXFrameworksBuildPhase section */

/* Begin PBXGroup section */
		47CF3EF11BADBF3000DD2F9E = {
			isa = PBXGroup;
			children = (
				47CF3EFC1BADBF3000DD2F9E /* SGLocation */,
				47CF3F161BADBF3100DD2F9E /* SGLocationTests */,
				47CF3EFB1BADBF3000DD2F9E /* Products */,
			);
			sourceTree = "<group>";
		};
		47CF3EFB1BADBF3000DD2F9E /* Products */ = {
			isa = PBXGroup;
			children = (
				47CF3EFA1BADBF3000DD2F9E /* SGLocation.app */,
				47CF3F131BADBF3100DD2F9E /* SGLocationTests.xctest */,
			);
			name = Products;
			sourceTree = "<group>";
		};
		47CF3EFC1BADBF3000DD2F9E /* SGLocation */ = {
			isa = PBXGroup;
			children = (
				47CF3F231BADBF6300DD2F9E /* SGLocation.h */,
				47CF3F241BADBF6300DD2F9E /* SGLocation.m */,
				47CF3F011BADBF3000DD2F9E /* AppDelegate.h */,
				47CF3F021BADBF3000DD2F9E /* AppDelegate.m */,
				47CF3F041BADBF3000DD2F9E /* ViewController.h */,
				47CF3F051BADBF3000DD2F9E /* ViewController.m */,
				47CF3F071BADBF3000DD2F9E /* Main.storyboard */,
				47CF3F0A1BADBF3000DD2F9E /* Images.xcassets */,
				47CF3F0C1BADBF3000DD2F9E /* LaunchScreen.xib */,
				47CF3EFD1BADBF3000DD2F9E /* Supporting Files */,
			);
			path = SGLocation;
			sourceTree = "<group>";
		};
		47CF3EFD1BADBF3000DD2F9E /* Supporting Files */ = {
			isa = PBXGroup;
			children = (
				47CF3EFE1BADBF3000DD2F9E /* Info.plist */,
				47CF3EFF1BADBF3000DD2F9E /* main.m */,
			);
			name = "Supporting Files";
			sourceTree = "<group>";
		};
		47CF3F161BADBF3100DD2F9E /* SGLocationTests */ = {
			isa = PBXGroup;
			children = (
				47CF3F191BADBF3100DD2F9E /* SGLocationTests.m */,
				47CF3F171BADBF3100DD2F9E /* Supporting Files */,
			);
			path = SGLocationTests;
			sourceTree = "<group>";
		};
		47CF3F171BADBF3100DD2F9E /* Supporting Files */ = {
			isa = PBXGroup;
			children = (
				47CF3F181BADBF3100DD2F9E /* Info.plist */,
			);
			name = "Supporting Files";
			sourceTree = "<group>";
		};
/* End PBXGroup section */

/* Begin PBXNativeTarget section */
		47CF3EF91BADBF3000DD2F9E /* SGLocation */ = {
			isa = PBXNativeTarget;
			buildConfigurationList = 47CF3F1D1BADBF3100DD2F9E /* Build configuration list for PBXNativeTarget "SGLocation" */;
			buildPhases = (
				47CF3EF61BADBF3000DD2F9E /* Sources */,
				47CF3EF71BADBF3000DD2F9E /* Frameworks */,
				47CF3EF81BADBF3000DD2F9E /* Resources */,
			);
			buildRules = (
			);
			dependencies = (
			);
			name = SGLocation;
			productName = SGLocation;
			productReference = 47CF3EFA1BADBF3000DD2F9E /* SGLocation.app */;
			productType = "com.apple.product-type.application";
		};
		47CF3F121BADBF3100DD2F9E /* SGLocationTests */ = {
			isa = PBXNativeTarget;
			buildConfigurationList = 47CF3F201BADBF3100DD2F9E /* Build configuration list for PBXNativeTarget "SGLocationTests" */;
			buildPhases = (
				47CF3F0F1BADBF3100DD2F9E /* Sources */,
				47CF3F101BADBF3100DD2F9E /* Frameworks */,
				47CF3F111BADBF3100DD2F9E /* Resources */,
			);
			buildRules = (
			);
			dependencies = (
				47CF3F151BADBF3100DD2F9E /* PBXTargetDependency */,
			);
			name = SGLocationTests;
			productName = SGLocationTests;
			productReference = 47CF3F131BADBF3100DD2F9E /* SGLocationTests.xctest */;
			productType = "com.apple.product-type.bundle.unit-test";
		};
/* End PBXNativeTarget section */

/* Begin PBXProject section */
		47CF3EF21BADBF3000DD2F9E /* Project object */ = {
			isa = PBXProject;
			attributes = {
				LastUpgradeCheck = 0640;
				ORGANIZATIONNAME = yyx;
				TargetAttributes = {
					47CF3EF91BADBF3000DD2F9E = {
						CreatedOnToolsVersion = 6.4;
					};
					47CF3F121BADBF3100DD2F9E = {
						CreatedOnToolsVersion = 6.4;
						TestTargetID = 47CF3EF91BADBF3000DD2F9E;
					};
				};
			};
			buildConfigurationList = 47CF3EF51BADBF3000DD2F9E /* Build configuration list for PBXProject "SGLocation" */;
			compatibilityVersion = "Xcode 3.2";
			developmentRegion = English;
			hasScannedForEncodings = 0;
			knownRegions = (
				en,
				Base,
			);
			mainGroup = 47CF3EF11BADBF3000DD2F9E;
			productRefGroup = 47CF3EFB1BADBF3000DD2F9E /* Products */;
			projectDirPath = "";
			projectRoot = "";
			targets = (
				47CF3EF91BADBF3000DD2F9E /* SGLocation */,
				47CF3F121BADBF3100DD2F9E /* SGLocationTests */,
			);
		};
/* End PBXProject section */

/* Begin PBXResourcesBuildPhase section */
		47CF3EF81BADBF3000DD2F9E /* Resources */ = {
			isa = PBXResourcesBuildPhase;
			buildActionMask = 2147483647;
			files = (
				47CF3F091BADBF3000DD2F9E /* Main.storyboard in Resources */,
				47CF3F0E1BADBF3000DD2F9E /* LaunchScreen.xib in Resources */,
				47CF3F0B1BADBF3000DD2F9E /* Images.xcassets in Resources */,
			);
			runOnlyForDeploymentPostprocessing = 0;
		};
		47CF3F111BADBF3100DD2F9E /* Resources */ = {
			isa = PBXResourcesBuildPhase;
			buildActionMask = 2147483647;
			files = (
			);
			runOnlyForDeploymentPostprocessing = 0;
		};
/* End PBXResourcesBuildPhase section */

/* Begin PBXSourcesBuildPhase section */
		47CF3EF61BADBF3000DD2F9E /* Sources */ = {
			isa = PBXSourcesBuildPhase;
			buildActionMask = 2147483647;
			files = (
				47CF3F061BADBF3000DD2F9E /* ViewController.m in Sources */,
				47CF3F031BADBF3000DD2F9E /* AppDelegate.m in Sources */,
				47CF3F251BADBF6300DD2F9E /* SGLocation.m in Sources */,
				47CF3F001BADBF3000DD2F9E /* main.m in Sources */,
			);
			runOnlyForDeploymentPostprocessing = 0;
		};
		47CF3F0F1BADBF3100DD2F9E /* Sources */ = {
			isa = PBXSourcesBuildPhase;
			buildActionMask = 2147483647;
			files = (
				47CF3F1A1BADBF3100DD2F9E /* SGLocationTests.m in Sources */,
			);
			runOnlyForDeploymentPostprocessing = 0;
		};
/* End PBXSourcesBuildPhase section */

/* Begin PBXTargetDependency section */
		47CF3F151BADBF3100DD2F9E /* PBXTargetDependency */ = {
			isa = PBXTargetDependency;
			target = 47CF3EF91BADBF3000DD2F9E /* SGLocation */;
			targetProxy = 47CF3F141BADBF3100DD2F9E /* PBXContainerItemProxy */;
		};
/* End PBXTargetDependency section */

/* Begin PBXVariantGroup section */
		47CF3F071BADBF3000DD2F9E /* Main.storyboard */ = {
			isa = PBXVariantGroup;
			children = (
				47CF3F081BADBF3000DD2F9E /* Base */,
			);
			name = Main.storyboard;
			sourceTree = "<group>";
		};
		47CF3F0C1BADBF3000DD2F9E /* LaunchScreen.xib */ = {
			isa = PBXVariantGroup;
			children = (
				47CF3F0D1BADBF3000DD2F9E /* Base */,
			);
			name = LaunchScreen.xib;
			sourceTree = "<group>";
		};
/* End PBXVariantGroup section */

/* Begin XCBuildConfiguration section */
		47CF3F1B1BADBF3100DD2F9E /* Debug */ = {
			isa = XCBuildConfiguration;
			buildSettings = {
				ALWAYS_SEARCH_USER_PATHS = NO;
				CLANG_CXX_LANGUAGE_STANDARD = "gnu++0x";
				CLANG_CXX_LIBRARY = "libc++";
				CLANG_ENABLE_MODULES = YES;
				CLANG_ENABLE_OBJC_ARC = YES;
				CLANG_WARN_BOOL_CONVERSION = YES;
				CLANG_WARN_CONSTANT_CONVERSION = YES;
				CLANG_WARN_DIRECT_OBJC_ISA_USAGE = YES_ERROR;
				CLANG_WARN_EMPTY_BODY = YES;
				CLANG_WARN_ENUM_CONVERSION = YES;
				CLANG_WARN_INT_CONVERSION = YES;
				CLANG_WARN_OBJC_ROOT_CLASS = YES_ERROR;
				CLANG_WARN_UNREACHABLE_CODE = YES;
				CLANG_WARN__DUPLICATE_METHOD_MATCH = YES;
				"CODE_SIGN_IDENTITY[sdk=iphoneos*]" = "iPhone Developer";
				COPY_PHASE_STRIP = NO;
				DEBUG_INFORMATION_FORMAT = "dwarf-with-dsym";
				ENABLE_STRICT_OBJC_MSGSEND = YES;
				GCC_C_LANGUAGE_STANDARD = gnu99;
				GCC_DYNAMIC_NO_PIC = NO;
				GCC_NO_COMMON_BLOCKS = YES;
				GCC_OPTIMIZATION_LEVEL = 0;
				GCC_PREPROCESSOR_DEFINITIONS = (
					"DEBUG=1",
					"$(inherited)",
				);
				GCC_SYMBOLS_PRIVATE_EXTERN = NO;
				GCC_WARN_64_TO_32_BIT_CONVERSION = YES;
				GCC_WARN_ABOUT_RETURN_TYPE = YES_ERROR;
				GCC_WARN_UNDECLARED_SELECTOR = YES;
				GCC_WARN_UNINITIALIZED_AUTOS = YES_AGGRESSIVE;
				GCC_WARN_UNUSED_FUNCTION = YES;
				GCC_WARN_UNUSED_VARIABLE = YES;
				IPHONEOS_DEPLOYMENT_TARGET = 8.4;
				MTL_ENABLE_DEBUG_INFO = YES;
				ONLY_ACTIVE_ARCH = YES;
				SDKROOT = iphoneos;
			};
			name = Debug;
		};
		47CF3F1C1BADBF3100DD2F9E /* Release */ = {
			isa = XCBuildConfiguration;
			buildSettings = {
				ALWAYS_SEARCH_USER_PATHS = NO;
				CLANG_CXX_LANGUAGE_STANDARD = "gnu++0x";
				CLANG_CXX_LIBRARY = "libc++";
				CLANG_ENABLE_MODULES = YES;
				CLANG_ENABLE_OBJC_ARC = YES;
				CLANG_WARN_BOOL_CONVERSION = YES;
				CLANG_WARN_CONSTANT_CONVERSION = YES;
				CLANG_WARN_DIRECT_OBJC_ISA_USAGE = YES_ERROR;
				CLANG_WARN_EMPTY_BODY = YES;
				CLANG_WARN_ENUM_CONVERSION = YES;
				CLANG_WARN_INT_CONVERSION = YES;
				CLANG_WARN_OBJC_ROOT_CLASS = YES_ERROR;
				CLANG_WARN_UNREACHABLE_CODE = YES;
				CLANG_WARN__DUPLICATE_METHOD_MATCH = YES;
				"CODE_SIGN_IDENTITY[sdk=iphoneos*]" = "iPhone Developer";
				COPY_PHASE_STRIP = NO;
				DEBUG_INFORMATION_FORMAT = "dwarf-with-dsym";
				ENABLE_NS_ASSERTIONS = NO;
				ENABLE_STRICT_OBJC_MSGSEND = YES;
				GCC_C_LANGUAGE_STANDARD = gnu99;
				GCC_NO_COMMON_BLOCKS = YES;
				GCC_WARN_64_TO_32_BIT_CONVERSION = YES;
				GCC_WARN_ABOUT_RETURN_TYPE = YES_ERROR;
				GCC_WARN_UNDECLARED_SELECTOR = YES;
				GCC_WARN_UNINITIALIZED_AUTOS = YES_AGGRESSIVE;
				GCC_WARN_UNUSED_FUNCTION = YES;
				GCC_WARN_UNUSED_VARIABLE = YES;
				IPHONEOS_DEPLOYMENT_TARGET = 8.4;
				MTL_ENABLE_DEBUG_INFO = NO;
				SDKROOT = iphoneos;
				VALIDATE_PRODUCT = YES;
			};
			name = Release;
		};
		47CF3F1E1BADBF3100DD2F9E /* Debug */ = {
			isa = XCBuildConfiguration;
			buildSettings = {
				ASSETCATALOG_COMPILER_APPICON_NAME = AppIcon;
				INFOPLIST_FILE = SGLocation/Info.plist;
				LD_RUNPATH_SEARCH_PATHS = "$(inherited) @executable_path/Frameworks";
				PRODUCT_NAME = "$(TARGET_NAME)";
			};
			name = Debug;
		};
		47CF3F1F1BADBF3100DD2F9E /* Release */ = {
			isa = XCBuildConfiguration;
			buildSettings = {
				ASSETCATALOG_COMPILER_APPICON_NAME = AppIcon;
				INFOPLIST_FILE = SGLocation/Info.plist;
				LD_RUNPATH_SEARCH_PATHS = "$(inherited) @executable_path/Frameworks";
				PRODUCT_NAME = "$(TARGET_NAME)";
			};
			name = Release;
		};
		47CF3F211BADBF3100DD2F9E /* Debug */ = {
			isa = XCBuildConfiguration;
			buildSettings = {
				BUNDLE_LOADER = "$(TEST_HOST)";
				FRAMEWORK_SEARCH_PATHS = (
					"$(SDKROOT)/Developer/Library/Frameworks",
					"$(inherited)",
				);
				GCC_PREPROCESSOR_DEFINITIONS = (
					"DEBUG=1",
					"$(inherited)",
				);
				INFOPLIST_FILE = SGLocationTests/Info.plist;
				LD_RUNPATH_SEARCH_PATHS = "$(inherited) @executable_path/Frameworks @loader_path/Frameworks";
				PRODUCT_NAME = "$(TARGET_NAME)";
				TEST_HOST = "$(BUILT_PRODUCTS_DIR)/SGLocation.app/SGLocation";
			};
			name = Debug;
		};
		47CF3F221BADBF3100DD2F9E /* Release */ = {
			isa = XCBuildConfiguration;
			buildSettings = {
				BUNDLE_LOADER = "$(TEST_HOST)";
				FRAMEWORK_SEARCH_PATHS = (
					"$(SDKROOT)/Developer/Library/Frameworks",
					"$(inherited)",
				);
				INFOPLIST_FILE = SGLocationTests/Info.plist;
				LD_RUNPATH_SEARCH_PATHS = "$(inherited) @executable_path/Frameworks @loader_path/Frameworks";
				PRODUCT_NAME = "$(TARGET_NAME)";
				TEST_HOST = "$(BUILT_PRODUCTS_DIR)/SGLocation.app/SGLocation";
			};
			name = Release;
		};
/* End XCBuildConfiguration section */

/* Begin XCConfigurationList section */
		47CF3EF51BADBF3000DD2F9E /* Build configuration list for PBXProject "SGLocation" */ = {
			isa = XCConfigurationList;
			buildConfigurations = (
				47CF3F1B1BADBF3100DD2F9E /* Debug */,
				47CF3F1C1BADBF3100DD2F9E /* Release */,
			);
			defaultConfigurationIsVisible = 0;
			defaultConfigurationName = Release;
		};
		47CF3F1D1BADBF3100DD2F9E /* Build configuration list for PBXNativeTarget "SGLocation" */ = {
			isa = XCConfigurationList;
			buildConfigurations = (
				47CF3F1E1BADBF3100DD2F9E /* Debug */,
				47CF3F1F1BADBF3100DD2F9E /* Release */,
			);
			defaultConfigurationIsVisible = 0;
		};
		47CF3F201BADBF3100DD2F9E /* Build configuration list for PBXNativeTarget "SGLocationTests" */ = {
			isa = XCConfigurationList;
			buildConfigurations = (
				47CF3F211BADBF3100DD2F9E /* Debug */,
				47CF3F221BADBF3100DD2F9E /* Release */,
			);
			defaultConfigurationIsVisible = 0;
		};
/* End XCConfigurationList section */
	};
	rootObject = 47CF3EF21BADBF3000DD2F9E /* Project object */;
}
